// !$*UTF8*$!
{
	archiveVersion = 1;
	classes = {
	};
	objectVersion = 56;
	objects = {

/* Begin PBXBuildFile section */
		25BA23A92AA918C500E43918 /* CountriesAPITests.swift in Sources */ = {isa = PBXBuildFile; fileRef = 25BA23A82AA918C500E43918 /* CountriesAPITests.swift */; };
		25BA23B32AA918C500E43918 /* CountriesAPIUITests.swift in Sources */ = {isa = PBXBuildFile; fileRef = 25BA23B22AA918C500E43918 /* CountriesAPIUITests.swift */; };
		25BA23B52AA918C500E43918 /* CountriesAPIUITestsLaunchTests.swift in Sources */ = {isa = PBXBuildFile; fileRef = 25BA23B42AA918C500E43918 /* CountriesAPIUITestsLaunchTests.swift */; };
		540659432C58100D00AF66E8 /* CountriesAPIApp.swift in Sources */ = {isa = PBXBuildFile; fileRef = 540659392C58100D00AF66E8 /* CountriesAPIApp.swift */; };
		540659442C58100D00AF66E8 /* Preview Assets.xcassets in Resources */ = {isa = PBXBuildFile; fileRef = 5406593B2C58100D00AF66E8 /* Preview Assets.xcassets */; };
		540659452C58100D00AF66E8 /* CountriesListView.swift in Sources */ = {isa = PBXBuildFile; fileRef = 5406593D2C58100D00AF66E8 /* CountriesListView.swift */; };
		540659462C58100D00AF66E8 /* Assets.xcassets in Resources */ = {isa = PBXBuildFile; fileRef = 540659412C58100D00AF66E8 /* Assets.xcassets */; };
		7B3F240C2C67F9990084F777 /* CountryDetailModel.swift in Sources */ = {isa = PBXBuildFile; fileRef = 7B3F240B2C67F9990084F777 /* CountryDetailModel.swift */; };
		7B3F240D2C67F9990084F777 /* CountryDetailModel.swift in Sources */ = {isa = PBXBuildFile; fileRef = 7B3F240B2C67F9990084F777 /* CountryDetailModel.swift */; };
		7B3F240E2C67F9990084F777 /* CountryDetailModel.swift in Sources */ = {isa = PBXBuildFile; fileRef = 7B3F240B2C67F9990084F777 /* CountryDetailModel.swift */; };
		7B3F24112C67FAFB0084F777 /* APIError.swift in Sources */ = {isa = PBXBuildFile; fileRef = 7B3F24102C67FAFB0084F777 /* APIError.swift */; };
		7B3F24122C67FAFB0084F777 /* APIError.swift in Sources */ = {isa = PBXBuildFile; fileRef = 7B3F24102C67FAFB0084F777 /* APIError.swift */; };
		7B3F24132C67FAFB0084F777 /* APIError.swift in Sources */ = {isa = PBXBuildFile; fileRef = 7B3F24102C67FAFB0084F777 /* APIError.swift */; };
		7B3F24152C67FB590084F777 /* DownloadAPI.swift in Sources */ = {isa = PBXBuildFile; fileRef = 7B3F24142C67FB590084F777 /* DownloadAPI.swift */; };
		7B3F24162C67FB590084F777 /* DownloadAPI.swift in Sources */ = {isa = PBXBuildFile; fileRef = 7B3F24142C67FB590084F777 /* DownloadAPI.swift */; };
		7B3F24172C67FB590084F777 /* DownloadAPI.swift in Sources */ = {isa = PBXBuildFile; fileRef = 7B3F24142C67FB590084F777 /* DownloadAPI.swift */; };
		7B3F24192C67FCF90084F777 /* FetchAPI.swift in Sources */ = {isa = PBXBuildFile; fileRef = 7B3F24182C67FCF90084F777 /* FetchAPI.swift */; };
		7B3F241A2C67FCF90084F777 /* FetchAPI.swift in Sources */ = {isa = PBXBuildFile; fileRef = 7B3F24182C67FCF90084F777 /* FetchAPI.swift */; };
		7B3F241B2C67FCF90084F777 /* FetchAPI.swift in Sources */ = {isa = PBXBuildFile; fileRef = 7B3F24182C67FCF90084F777 /* FetchAPI.swift */; };
		7B3F241D2C67FE390084F777 /* JSONParser.swift in Sources */ = {isa = PBXBuildFile; fileRef = 7B3F241C2C67FE390084F777 /* JSONParser.swift */; };
		7B3F241E2C67FE390084F777 /* JSONParser.swift in Sources */ = {isa = PBXBuildFile; fileRef = 7B3F241C2C67FE390084F777 /* JSONParser.swift */; };
		7B3F241F2C67FE390084F777 /* JSONParser.swift in Sources */ = {isa = PBXBuildFile; fileRef = 7B3F241C2C67FE390084F777 /* JSONParser.swift */; };
		7B3F24212C67FF420084F777 /* CountriesAPIManager.swift in Sources */ = {isa = PBXBuildFile; fileRef = 7B3F24202C67FF420084F777 /* CountriesAPIManager.swift */; };
		7B3F24222C67FF420084F777 /* CountriesAPIManager.swift in Sources */ = {isa = PBXBuildFile; fileRef = 7B3F24202C67FF420084F777 /* CountriesAPIManager.swift */; };
		7B3F24232C67FF420084F777 /* CountriesAPIManager.swift in Sources */ = {isa = PBXBuildFile; fileRef = 7B3F24202C67FF420084F777 /* CountriesAPIManager.swift */; };
		7B3F24252C68058F0084F777 /* CountriesListViewModel.swift in Sources */ = {isa = PBXBuildFile; fileRef = 7B3F24242C68058F0084F777 /* CountriesListViewModel.swift */; };
		7B3F24262C68058F0084F777 /* CountriesListViewModel.swift in Sources */ = {isa = PBXBuildFile; fileRef = 7B3F24242C68058F0084F777 /* CountriesListViewModel.swift */; };
		7B3F24272C68058F0084F777 /* CountriesListViewModel.swift in Sources */ = {isa = PBXBuildFile; fileRef = 7B3F24242C68058F0084F777 /* CountriesListViewModel.swift */; };
		7B3F242A2C680C670084F777 /* MockCountriesListViewModel.swift in Sources */ = {isa = PBXBuildFile; fileRef = 7B3F24292C680C670084F777 /* MockCountriesListViewModel.swift */; };
		7B3F242B2C680C670084F777 /* MockCountriesListViewModel.swift in Sources */ = {isa = PBXBuildFile; fileRef = 7B3F24292C680C670084F777 /* MockCountriesListViewModel.swift */; };
		7B3F242C2C680C670084F777 /* MockCountriesListViewModel.swift in Sources */ = {isa = PBXBuildFile; fileRef = 7B3F24292C680C670084F777 /* MockCountriesListViewModel.swift */; };
		7B3F242F2C68202C0084F777 /* CountryCellView.swift in Sources */ = {isa = PBXBuildFile; fileRef = 7B3F242E2C68202C0084F777 /* CountryCellView.swift */; };
		7B3F24302C68202C0084F777 /* CountryCellView.swift in Sources */ = {isa = PBXBuildFile; fileRef = 7B3F242E2C68202C0084F777 /* CountryCellView.swift */; };
		7B3F24312C68202C0084F777 /* CountryCellView.swift in Sources */ = {isa = PBXBuildFile; fileRef = 7B3F242E2C68202C0084F777 /* CountryCellView.swift */; };
		7B3F24382C6828360084F777 /* UIColor.swift in Sources */ = {isa = PBXBuildFile; fileRef = 7B3F24372C6828360084F777 /* UIColor.swift */; };
		7B3F24392C6828360084F777 /* UIColor.swift in Sources */ = {isa = PBXBuildFile; fileRef = 7B3F24372C6828360084F777 /* UIColor.swift */; };
		7B3F243A2C6828360084F777 /* UIColor.swift in Sources */ = {isa = PBXBuildFile; fileRef = 7B3F24372C6828360084F777 /* UIColor.swift */; };
		7B71DD732C73F77B006BFB89 /* CountryDetailTabView.swift in Sources */ = {isa = PBXBuildFile; fileRef = 7B71DD722C73F77B006BFB89 /* CountryDetailTabView.swift */; };
		7B71DD752C73F7B1006BFB89 /* CountryDetailMapView.swift in Sources */ = {isa = PBXBuildFile; fileRef = 7B71DD742C73F7B1006BFB89 /* CountryDetailMapView.swift */; };
		7B71DD772C73F882006BFB89 /* CountryDetailTabViewModel.swift in Sources */ = {isa = PBXBuildFile; fileRef = 7B71DD762C73F882006BFB89 /* CountryDetailTabViewModel.swift */; };
		7B71DD782C73F882006BFB89 /* CountryDetailTabViewModel.swift in Sources */ = {isa = PBXBuildFile; fileRef = 7B71DD762C73F882006BFB89 /* CountryDetailTabViewModel.swift */; };
		7B71DD792C73F882006BFB89 /* CountryDetailTabViewModel.swift in Sources */ = {isa = PBXBuildFile; fileRef = 7B71DD762C73F882006BFB89 /* CountryDetailTabViewModel.swift */; };
		7B71DD7C2C73F9DE006BFB89 /* MockCountryDetailTabViewModel.swift in Sources */ = {isa = PBXBuildFile; fileRef = 7B71DD7B2C73F9DE006BFB89 /* MockCountryDetailTabViewModel.swift */; };
		7B71DD7D2C73F9DE006BFB89 /* MockCountryDetailTabViewModel.swift in Sources */ = {isa = PBXBuildFile; fileRef = 7B71DD7B2C73F9DE006BFB89 /* MockCountryDetailTabViewModel.swift */; };
		7B71DD7E2C73F9DE006BFB89 /* MockCountryDetailTabViewModel.swift in Sources */ = {isa = PBXBuildFile; fileRef = 7B71DD7B2C73F9DE006BFB89 /* MockCountryDetailTabViewModel.swift */; };
		7BD952A62C6FFC0B0071EC30 /* TabNavigationManager.swift in Sources */ = {isa = PBXBuildFile; fileRef = 7BD952A52C6FFC0B0071EC30 /* TabNavigationManager.swift */; };
		7BD952A72C6FFC0B0071EC30 /* TabNavigationManager.swift in Sources */ = {isa = PBXBuildFile; fileRef = 7BD952A52C6FFC0B0071EC30 /* TabNavigationManager.swift */; };
		7BD952A82C6FFC0B0071EC30 /* TabNavigationManager.swift in Sources */ = {isa = PBXBuildFile; fileRef = 7BD952A52C6FFC0B0071EC30 /* TabNavigationManager.swift */; };
		7BD952AA2C7012790071EC30 /* BookmarkManagerTests.swift in Sources */ = {isa = PBXBuildFile; fileRef = 7BD952A92C7012790071EC30 /* BookmarkManagerTests.swift */; };
		7BD952AC2C70184B0071EC30 /* TabNavigationManagerTests.swift in Sources */ = {isa = PBXBuildFile; fileRef = 7BD952AB2C70184B0071EC30 /* TabNavigationManagerTests.swift */; };
		7BDCFA092C692D9F00BE2FE1 /* CountryDetailView.swift in Sources */ = {isa = PBXBuildFile; fileRef = 7BDCFA082C692D9F00BE2FE1 /* CountryDetailView.swift */; };
		7BDCFA0A2C692D9F00BE2FE1 /* CountryDetailView.swift in Sources */ = {isa = PBXBuildFile; fileRef = 7BDCFA082C692D9F00BE2FE1 /* CountryDetailView.swift */; };
		7BDCFA0B2C692D9F00BE2FE1 /* CountryDetailView.swift in Sources */ = {isa = PBXBuildFile; fileRef = 7BDCFA082C692D9F00BE2FE1 /* CountryDetailView.swift */; };
		7BDCFA0D2C692DE600BE2FE1 /* CountryDetailViewModel.swift in Sources */ = {isa = PBXBuildFile; fileRef = 7BDCFA0C2C692DE600BE2FE1 /* CountryDetailViewModel.swift */; };
		7BDCFA0E2C692DE600BE2FE1 /* CountryDetailViewModel.swift in Sources */ = {isa = PBXBuildFile; fileRef = 7BDCFA0C2C692DE600BE2FE1 /* CountryDetailViewModel.swift */; };
		7BDCFA0F2C692DE600BE2FE1 /* CountryDetailViewModel.swift in Sources */ = {isa = PBXBuildFile; fileRef = 7BDCFA0C2C692DE600BE2FE1 /* CountryDetailViewModel.swift */; };
		7BDCFA122C692E1C00BE2FE1 /* MockCountryDetailViewModel.swift in Sources */ = {isa = PBXBuildFile; fileRef = 7BDCFA112C692E1C00BE2FE1 /* MockCountryDetailViewModel.swift */; };
		7BDCFA132C692E1C00BE2FE1 /* MockCountryDetailViewModel.swift in Sources */ = {isa = PBXBuildFile; fileRef = 7BDCFA112C692E1C00BE2FE1 /* MockCountryDetailViewModel.swift */; };
		7BDCFA142C692E1C00BE2FE1 /* MockCountryDetailViewModel.swift in Sources */ = {isa = PBXBuildFile; fileRef = 7BDCFA112C692E1C00BE2FE1 /* MockCountryDetailViewModel.swift */; };
		7BDCFA162C692E3800BE2FE1 /* MockCountryDetailsModels.swift in Sources */ = {isa = PBXBuildFile; fileRef = 7BDCFA152C692E3800BE2FE1 /* MockCountryDetailsModels.swift */; };
		7BDCFA172C692E3800BE2FE1 /* MockCountryDetailsModels.swift in Sources */ = {isa = PBXBuildFile; fileRef = 7BDCFA152C692E3800BE2FE1 /* MockCountryDetailsModels.swift */; };
		7BDCFA182C692E3800BE2FE1 /* MockCountryDetailsModels.swift in Sources */ = {isa = PBXBuildFile; fileRef = 7BDCFA152C692E3800BE2FE1 /* MockCountryDetailsModels.swift */; };
		7BDD566A2C6BD38500168485 /* CountryCellViewModelTests.swift in Sources */ = {isa = PBXBuildFile; fileRef = 7BDD56692C6BD38500168485 /* CountryCellViewModelTests.swift */; };
		7BDD566C2C6BD39800168485 /* CountriesListViewModelTests.swift in Sources */ = {isa = PBXBuildFile; fileRef = 7BDD566B2C6BD39800168485 /* CountriesListViewModelTests.swift */; };
		7BDD566E2C6BD3A700168485 /* CountryDetailViewModelTests.swift in Sources */ = {isa = PBXBuildFile; fileRef = 7BDD566D2C6BD3A700168485 /* CountryDetailViewModelTests.swift */; };
		7BDD56702C6BD48E00168485 /* CountriesAPIManagerTests.swift in Sources */ = {isa = PBXBuildFile; fileRef = 7BDD566F2C6BD48E00168485 /* CountriesAPIManagerTests.swift */; };
		7BDD56742C6BE70C00168485 /* MockCountriesAPIManager.swift in Sources */ = {isa = PBXBuildFile; fileRef = 7BDD56722C6BE70C00168485 /* MockCountriesAPIManager.swift */; };
		7BDD56752C6BE70C00168485 /* MockCountriesAPIManager.swift in Sources */ = {isa = PBXBuildFile; fileRef = 7BDD56722C6BE70C00168485 /* MockCountriesAPIManager.swift */; };
		7BDD56782C6BE87800168485 /* MockDownloadAPI.swift in Sources */ = {isa = PBXBuildFile; fileRef = 7BDD56762C6BE87800168485 /* MockDownloadAPI.swift */; };
		7BDD56792C6BE87800168485 /* MockDownloadAPI.swift in Sources */ = {isa = PBXBuildFile; fileRef = 7BDD56762C6BE87800168485 /* MockDownloadAPI.swift */; };
		7BDD567C2C6BE88500168485 /* MockFetchAPI.swift in Sources */ = {isa = PBXBuildFile; fileRef = 7BDD567A2C6BE88500168485 /* MockFetchAPI.swift */; };
		7BDD567D2C6BE88500168485 /* MockFetchAPI.swift in Sources */ = {isa = PBXBuildFile; fileRef = 7BDD567A2C6BE88500168485 /* MockFetchAPI.swift */; };
		7BDD567F2C6BF02F00168485 /* URLManager.swift in Sources */ = {isa = PBXBuildFile; fileRef = 7BDD567E2C6BF02F00168485 /* URLManager.swift */; };
		7BDD56802C6BF02F00168485 /* URLManager.swift in Sources */ = {isa = PBXBuildFile; fileRef = 7BDD567E2C6BF02F00168485 /* URLManager.swift */; };
		7BDD56812C6BF02F00168485 /* URLManager.swift in Sources */ = {isa = PBXBuildFile; fileRef = 7BDD567E2C6BF02F00168485 /* URLManager.swift */; };
		7BDEC0C42C767EBD00C95CE0 /* LocationManager.swift in Sources */ = {isa = PBXBuildFile; fileRef = 7BDEC0C32C767EBD00C95CE0 /* LocationManager.swift */; };
		7BDEC0C52C767EBD00C95CE0 /* LocationManager.swift in Sources */ = {isa = PBXBuildFile; fileRef = 7BDEC0C32C767EBD00C95CE0 /* LocationManager.swift */; };
		7BDEC0C62C767EBD00C95CE0 /* LocationManager.swift in Sources */ = {isa = PBXBuildFile; fileRef = 7BDEC0C32C767EBD00C95CE0 /* LocationManager.swift */; };
		7BDEC0CA2C76808000C95CE0 /* CountryDetailMapViewModel.swift in Sources */ = {isa = PBXBuildFile; fileRef = 7BDEC0C92C76808000C95CE0 /* CountryDetailMapViewModel.swift */; };
		7BDEC0CB2C76808000C95CE0 /* CountryDetailMapViewModel.swift in Sources */ = {isa = PBXBuildFile; fileRef = 7BDEC0C92C76808000C95CE0 /* CountryDetailMapViewModel.swift */; };
		7BDEC0CC2C76808000C95CE0 /* CountryDetailMapViewModel.swift in Sources */ = {isa = PBXBuildFile; fileRef = 7BDEC0C92C76808000C95CE0 /* CountryDetailMapViewModel.swift */; };
		7BDEC0CE2C76808D00C95CE0 /* MockCountryDetailMapViewModel.swift in Sources */ = {isa = PBXBuildFile; fileRef = 7BDEC0CD2C76808D00C95CE0 /* MockCountryDetailMapViewModel.swift */; };
		7BDEC0CF2C76808D00C95CE0 /* MockCountryDetailMapViewModel.swift in Sources */ = {isa = PBXBuildFile; fileRef = 7BDEC0CD2C76808D00C95CE0 /* MockCountryDetailMapViewModel.swift */; };
		7BDEC0D02C76808D00C95CE0 /* MockCountryDetailMapViewModel.swift in Sources */ = {isa = PBXBuildFile; fileRef = 7BDEC0CD2C76808D00C95CE0 /* MockCountryDetailMapViewModel.swift */; };
		7BE42BDF2C6AB7B60079739A /* Fonts+Colors.swift in Sources */ = {isa = PBXBuildFile; fileRef = 7BE42BDE2C6AB7B60079739A /* Fonts+Colors.swift */; };
		7BE42BE02C6AB7B60079739A /* Fonts+Colors.swift in Sources */ = {isa = PBXBuildFile; fileRef = 7BE42BDE2C6AB7B60079739A /* Fonts+Colors.swift */; };
		7BE42BE12C6AB7B60079739A /* Fonts+Colors.swift in Sources */ = {isa = PBXBuildFile; fileRef = 7BE42BDE2C6AB7B60079739A /* Fonts+Colors.swift */; };
		7BE42BE32C6AD26A0079739A /* CountryCellViewModel.swift in Sources */ = {isa = PBXBuildFile; fileRef = 7BE42BE22C6AD26A0079739A /* CountryCellViewModel.swift */; };
		7BE42BE42C6AD26A0079739A /* CountryCellViewModel.swift in Sources */ = {isa = PBXBuildFile; fileRef = 7BE42BE22C6AD26A0079739A /* CountryCellViewModel.swift */; };
		7BE42BE52C6AD26A0079739A /* CountryCellViewModel.swift in Sources */ = {isa = PBXBuildFile; fileRef = 7BE42BE22C6AD26A0079739A /* CountryCellViewModel.swift */; };
		7BE42BE82C6AD5000079739A /* MockCountryCellViewModel.swift in Sources */ = {isa = PBXBuildFile; fileRef = 7BE42BE72C6AD5000079739A /* MockCountryCellViewModel.swift */; };
		7BE42BE92C6AD5000079739A /* MockCountryCellViewModel.swift in Sources */ = {isa = PBXBuildFile; fileRef = 7BE42BE72C6AD5000079739A /* MockCountryCellViewModel.swift */; };
		7BE42BEA2C6AD5000079739A /* MockCountryCellViewModel.swift in Sources */ = {isa = PBXBuildFile; fileRef = 7BE42BE72C6AD5000079739A /* MockCountryCellViewModel.swift */; };
		7BE82E932C6EAF11003D7A78 /* BookmarkManager.swift in Sources */ = {isa = PBXBuildFile; fileRef = 7BE82E922C6EAF11003D7A78 /* BookmarkManager.swift */; };
		7BE82E942C6EAF11003D7A78 /* BookmarkManager.swift in Sources */ = {isa = PBXBuildFile; fileRef = 7BE82E922C6EAF11003D7A78 /* BookmarkManager.swift */; };
		7BE82E952C6EAF11003D7A78 /* BookmarkManager.swift in Sources */ = {isa = PBXBuildFile; fileRef = 7BE82E922C6EAF11003D7A78 /* BookmarkManager.swift */; };
		7BE82E992C6EBB35003D7A78 /* BookmarkedCountriesListView.swift in Sources */ = {isa = PBXBuildFile; fileRef = 7BE82E982C6EBB35003D7A78 /* BookmarkedCountriesListView.swift */; };
		7BE82E9A2C6EBB35003D7A78 /* BookmarkedCountriesListView.swift in Sources */ = {isa = PBXBuildFile; fileRef = 7BE82E982C6EBB35003D7A78 /* BookmarkedCountriesListView.swift */; };
		7BE82E9B2C6EBB35003D7A78 /* BookmarkedCountriesListView.swift in Sources */ = {isa = PBXBuildFile; fileRef = 7BE82E982C6EBB35003D7A78 /* BookmarkedCountriesListView.swift */; };
		7BE82E9D2C6EBB45003D7A78 /* BookmarkedCountriesListViewModel.swift in Sources */ = {isa = PBXBuildFile; fileRef = 7BE82E9C2C6EBB45003D7A78 /* BookmarkedCountriesListViewModel.swift */; };
		7BE82E9E2C6EBB45003D7A78 /* BookmarkedCountriesListViewModel.swift in Sources */ = {isa = PBXBuildFile; fileRef = 7BE82E9C2C6EBB45003D7A78 /* BookmarkedCountriesListViewModel.swift */; };
		7BE82E9F2C6EBB45003D7A78 /* BookmarkedCountriesListViewModel.swift in Sources */ = {isa = PBXBuildFile; fileRef = 7BE82E9C2C6EBB45003D7A78 /* BookmarkedCountriesListViewModel.swift */; };
		7BE82EA12C6EBB62003D7A78 /* MockBookmarkedCountriesListViewModel.swift in Sources */ = {isa = PBXBuildFile; fileRef = 7BE82EA02C6EBB62003D7A78 /* MockBookmarkedCountriesListViewModel.swift */; };
		7BE82EA22C6EBB62003D7A78 /* MockBookmarkedCountriesListViewModel.swift in Sources */ = {isa = PBXBuildFile; fileRef = 7BE82EA02C6EBB62003D7A78 /* MockBookmarkedCountriesListViewModel.swift */; };
		7BE82EA32C6EBB62003D7A78 /* MockBookmarkedCountriesListViewModel.swift in Sources */ = {isa = PBXBuildFile; fileRef = 7BE82EA02C6EBB62003D7A78 /* MockBookmarkedCountriesListViewModel.swift */; };
/* End PBXBuildFile section */

/* Begin PBXContainerItemProxy section */
		25BA23A52AA918C500E43918 /* PBXContainerItemProxy */ = {
			isa = PBXContainerItemProxy;
			containerPortal = 25BA238C2AA918C300E43918 /* Project object */;
			proxyType = 1;
			remoteGlobalIDString = 25BA23932AA918C300E43918;
			remoteInfo = ContriesAPI;
		};
		25BA23AF2AA918C500E43918 /* PBXContainerItemProxy */ = {
			isa = PBXContainerItemProxy;
			containerPortal = 25BA238C2AA918C300E43918 /* Project object */;
			proxyType = 1;
			remoteGlobalIDString = 25BA23932AA918C300E43918;
			remoteInfo = ContriesAPI;
		};
/* End PBXContainerItemProxy section */

/* Begin PBXFileReference section */
		25BA23942AA918C300E43918 /* CountriesAPI.app */ = {isa = PBXFileReference; explicitFileType = wrapper.application; includeInIndex = 0; path = CountriesAPI.app; sourceTree = BUILT_PRODUCTS_DIR; };
		25BA23A42AA918C500E43918 /* CountriesAPITests.xctest */ = {isa = PBXFileReference; explicitFileType = wrapper.cfbundle; includeInIndex = 0; path = CountriesAPITests.xctest; sourceTree = BUILT_PRODUCTS_DIR; };
		25BA23A82AA918C500E43918 /* CountriesAPITests.swift */ = {isa = PBXFileReference; lastKnownFileType = sourcecode.swift; path = CountriesAPITests.swift; sourceTree = "<group>"; };
		25BA23AE2AA918C500E43918 /* CountriesAPIUITests.xctest */ = {isa = PBXFileReference; explicitFileType = wrapper.cfbundle; includeInIndex = 0; path = CountriesAPIUITests.xctest; sourceTree = BUILT_PRODUCTS_DIR; };
		25BA23B22AA918C500E43918 /* CountriesAPIUITests.swift */ = {isa = PBXFileReference; lastKnownFileType = sourcecode.swift; path = CountriesAPIUITests.swift; sourceTree = "<group>"; };
		25BA23B42AA918C500E43918 /* CountriesAPIUITestsLaunchTests.swift */ = {isa = PBXFileReference; lastKnownFileType = sourcecode.swift; path = CountriesAPIUITestsLaunchTests.swift; sourceTree = "<group>"; };
		540659392C58100D00AF66E8 /* CountriesAPIApp.swift */ = {isa = PBXFileReference; fileEncoding = 4; lastKnownFileType = sourcecode.swift; path = CountriesAPIApp.swift; sourceTree = "<group>"; };
		5406593B2C58100D00AF66E8 /* Preview Assets.xcassets */ = {isa = PBXFileReference; lastKnownFileType = folder.assetcatalog; path = "Preview Assets.xcassets"; sourceTree = "<group>"; };
		5406593D2C58100D00AF66E8 /* CountriesListView.swift */ = {isa = PBXFileReference; fileEncoding = 4; lastKnownFileType = sourcecode.swift; path = CountriesListView.swift; sourceTree = "<group>"; };
		540659412C58100D00AF66E8 /* Assets.xcassets */ = {isa = PBXFileReference; lastKnownFileType = folder.assetcatalog; path = Assets.xcassets; sourceTree = "<group>"; };
		7B3F240B2C67F9990084F777 /* CountryDetailModel.swift */ = {isa = PBXFileReference; lastKnownFileType = sourcecode.swift; path = CountryDetailModel.swift; sourceTree = "<group>"; };
		7B3F24102C67FAFB0084F777 /* APIError.swift */ = {isa = PBXFileReference; lastKnownFileType = sourcecode.swift; path = APIError.swift; sourceTree = "<group>"; };
		7B3F24142C67FB590084F777 /* DownloadAPI.swift */ = {isa = PBXFileReference; lastKnownFileType = sourcecode.swift; path = DownloadAPI.swift; sourceTree = "<group>"; };
		7B3F24182C67FCF90084F777 /* FetchAPI.swift */ = {isa = PBXFileReference; lastKnownFileType = sourcecode.swift; path = FetchAPI.swift; sourceTree = "<group>"; };
		7B3F241C2C67FE390084F777 /* JSONParser.swift */ = {isa = PBXFileReference; lastKnownFileType = sourcecode.swift; path = JSONParser.swift; sourceTree = "<group>"; };
		7B3F24202C67FF420084F777 /* CountriesAPIManager.swift */ = {isa = PBXFileReference; lastKnownFileType = sourcecode.swift; path = CountriesAPIManager.swift; sourceTree = "<group>"; };
		7B3F24242C68058F0084F777 /* CountriesListViewModel.swift */ = {isa = PBXFileReference; lastKnownFileType = sourcecode.swift; path = CountriesListViewModel.swift; sourceTree = "<group>"; };
		7B3F24292C680C670084F777 /* MockCountriesListViewModel.swift */ = {isa = PBXFileReference; lastKnownFileType = sourcecode.swift; path = MockCountriesListViewModel.swift; sourceTree = "<group>"; };
		7B3F242E2C68202C0084F777 /* CountryCellView.swift */ = {isa = PBXFileReference; lastKnownFileType = sourcecode.swift; path = CountryCellView.swift; sourceTree = "<group>"; };
		7B3F24372C6828360084F777 /* UIColor.swift */ = {isa = PBXFileReference; lastKnownFileType = sourcecode.swift; path = UIColor.swift; sourceTree = "<group>"; };
		7B71DD722C73F77B006BFB89 /* CountryDetailTabView.swift */ = {isa = PBXFileReference; lastKnownFileType = sourcecode.swift; path = CountryDetailTabView.swift; sourceTree = "<group>"; };
		7B71DD742C73F7B1006BFB89 /* CountryDetailMapView.swift */ = {isa = PBXFileReference; lastKnownFileType = sourcecode.swift; path = CountryDetailMapView.swift; sourceTree = "<group>"; };
		7B71DD762C73F882006BFB89 /* CountryDetailTabViewModel.swift */ = {isa = PBXFileReference; lastKnownFileType = sourcecode.swift; path = CountryDetailTabViewModel.swift; sourceTree = "<group>"; };
		7B71DD7B2C73F9DE006BFB89 /* MockCountryDetailTabViewModel.swift */ = {isa = PBXFileReference; lastKnownFileType = sourcecode.swift; path = MockCountryDetailTabViewModel.swift; sourceTree = "<group>"; };
		7BD952A52C6FFC0B0071EC30 /* TabNavigationManager.swift */ = {isa = PBXFileReference; lastKnownFileType = sourcecode.swift; path = TabNavigationManager.swift; sourceTree = "<group>"; };
		7BD952A92C7012790071EC30 /* BookmarkManagerTests.swift */ = {isa = PBXFileReference; lastKnownFileType = sourcecode.swift; path = BookmarkManagerTests.swift; sourceTree = "<group>"; };
		7BD952AB2C70184B0071EC30 /* TabNavigationManagerTests.swift */ = {isa = PBXFileReference; lastKnownFileType = sourcecode.swift; path = TabNavigationManagerTests.swift; sourceTree = "<group>"; };
		7BDCFA082C692D9F00BE2FE1 /* CountryDetailView.swift */ = {isa = PBXFileReference; lastKnownFileType = sourcecode.swift; path = CountryDetailView.swift; sourceTree = "<group>"; };
		7BDCFA0C2C692DE600BE2FE1 /* CountryDetailViewModel.swift */ = {isa = PBXFileReference; lastKnownFileType = sourcecode.swift; path = CountryDetailViewModel.swift; sourceTree = "<group>"; };
		7BDCFA112C692E1C00BE2FE1 /* MockCountryDetailViewModel.swift */ = {isa = PBXFileReference; lastKnownFileType = sourcecode.swift; path = MockCountryDetailViewModel.swift; sourceTree = "<group>"; };
		7BDCFA152C692E3800BE2FE1 /* MockCountryDetailsModels.swift */ = {isa = PBXFileReference; lastKnownFileType = sourcecode.swift; path = MockCountryDetailsModels.swift; sourceTree = "<group>"; };
		7BDD56692C6BD38500168485 /* CountryCellViewModelTests.swift */ = {isa = PBXFileReference; lastKnownFileType = sourcecode.swift; path = CountryCellViewModelTests.swift; sourceTree = "<group>"; };
		7BDD566B2C6BD39800168485 /* CountriesListViewModelTests.swift */ = {isa = PBXFileReference; lastKnownFileType = sourcecode.swift; path = CountriesListViewModelTests.swift; sourceTree = "<group>"; };
		7BDD566D2C6BD3A700168485 /* CountryDetailViewModelTests.swift */ = {isa = PBXFileReference; lastKnownFileType = sourcecode.swift; path = CountryDetailViewModelTests.swift; sourceTree = "<group>"; };
		7BDD566F2C6BD48E00168485 /* CountriesAPIManagerTests.swift */ = {isa = PBXFileReference; lastKnownFileType = sourcecode.swift; path = CountriesAPIManagerTests.swift; sourceTree = "<group>"; };
		7BDD56722C6BE70C00168485 /* MockCountriesAPIManager.swift */ = {isa = PBXFileReference; lastKnownFileType = sourcecode.swift; path = MockCountriesAPIManager.swift; sourceTree = "<group>"; };
		7BDD56762C6BE87800168485 /* MockDownloadAPI.swift */ = {isa = PBXFileReference; lastKnownFileType = sourcecode.swift; path = MockDownloadAPI.swift; sourceTree = "<group>"; };
		7BDD567A2C6BE88500168485 /* MockFetchAPI.swift */ = {isa = PBXFileReference; lastKnownFileType = sourcecode.swift; path = MockFetchAPI.swift; sourceTree = "<group>"; };
		7BDD567E2C6BF02F00168485 /* URLManager.swift */ = {isa = PBXFileReference; lastKnownFileType = sourcecode.swift; path = URLManager.swift; sourceTree = "<group>"; };
		7BDEC0C32C767EBD00C95CE0 /* LocationManager.swift */ = {isa = PBXFileReference; lastKnownFileType = sourcecode.swift; path = LocationManager.swift; sourceTree = "<group>"; };
		7BDEC0C92C76808000C95CE0 /* CountryDetailMapViewModel.swift */ = {isa = PBXFileReference; lastKnownFileType = sourcecode.swift; path = CountryDetailMapViewModel.swift; sourceTree = "<group>"; };
		7BDEC0CD2C76808D00C95CE0 /* MockCountryDetailMapViewModel.swift */ = {isa = PBXFileReference; lastKnownFileType = sourcecode.swift; path = MockCountryDetailMapViewModel.swift; sourceTree = "<group>"; };
		7BE42BDE2C6AB7B60079739A /* Fonts+Colors.swift */ = {isa = PBXFileReference; lastKnownFileType = sourcecode.swift; path = "Fonts+Colors.swift"; sourceTree = "<group>"; };
		7BE42BE22C6AD26A0079739A /* CountryCellViewModel.swift */ = {isa = PBXFileReference; lastKnownFileType = sourcecode.swift; path = CountryCellViewModel.swift; sourceTree = "<group>"; };
		7BE42BE72C6AD5000079739A /* MockCountryCellViewModel.swift */ = {isa = PBXFileReference; lastKnownFileType = sourcecode.swift; path = MockCountryCellViewModel.swift; sourceTree = "<group>"; };
		7BE82E922C6EAF11003D7A78 /* BookmarkManager.swift */ = {isa = PBXFileReference; lastKnownFileType = sourcecode.swift; path = BookmarkManager.swift; sourceTree = "<group>"; };
		7BE82E982C6EBB35003D7A78 /* BookmarkedCountriesListView.swift */ = {isa = PBXFileReference; lastKnownFileType = sourcecode.swift; path = BookmarkedCountriesListView.swift; sourceTree = "<group>"; };
		7BE82E9C2C6EBB45003D7A78 /* BookmarkedCountriesListViewModel.swift */ = {isa = PBXFileReference; lastKnownFileType = sourcecode.swift; path = BookmarkedCountriesListViewModel.swift; sourceTree = "<group>"; };
		7BE82EA02C6EBB62003D7A78 /* MockBookmarkedCountriesListViewModel.swift */ = {isa = PBXFileReference; lastKnownFileType = sourcecode.swift; path = MockBookmarkedCountriesListViewModel.swift; sourceTree = "<group>"; };
/* End PBXFileReference section */

/* Begin PBXFrameworksBuildPhase section */
		25BA23912AA918C300E43918 /* Frameworks */ = {
			isa = PBXFrameworksBuildPhase;
			buildActionMask = 2147483647;
			files = (
			);
			runOnlyForDeploymentPostprocessing = 0;
		};
		25BA23A12AA918C500E43918 /* Frameworks */ = {
			isa = PBXFrameworksBuildPhase;
			buildActionMask = 2147483647;
			files = (
			);
			runOnlyForDeploymentPostprocessing = 0;
		};
		25BA23AB2AA918C500E43918 /* Frameworks */ = {
			isa = PBXFrameworksBuildPhase;
			buildActionMask = 2147483647;
			files = (
			);
			runOnlyForDeploymentPostprocessing = 0;
		};
/* End PBXFrameworksBuildPhase section */

/* Begin PBXGroup section */
		25BA238B2AA918C300E43918 = {
			isa = PBXGroup;
			children = (
				540659422C58100D00AF66E8 /* CountriesAPI */,
				25BA23A72AA918C500E43918 /* CountriesAPITests */,
				25BA23B12AA918C500E43918 /* CountriesAPIUITests */,
				25BA23952AA918C300E43918 /* Products */,
			);
			sourceTree = "<group>";
		};
		25BA23952AA918C300E43918 /* Products */ = {
			isa = PBXGroup;
			children = (
				25BA23942AA918C300E43918 /* CountriesAPI.app */,
				25BA23A42AA918C500E43918 /* CountriesAPITests.xctest */,
				25BA23AE2AA918C500E43918 /* CountriesAPIUITests.xctest */,
			);
			name = Products;
			sourceTree = "<group>";
		};
		25BA23A72AA918C500E43918 /* CountriesAPITests */ = {
			isa = PBXGroup;
			children = (
				25BA23A82AA918C500E43918 /* CountriesAPITests.swift */,
				7BDD56692C6BD38500168485 /* CountryCellViewModelTests.swift */,
				7BDD566B2C6BD39800168485 /* CountriesListViewModelTests.swift */,
				7BDD566D2C6BD3A700168485 /* CountryDetailViewModelTests.swift */,
				7BDD566F2C6BD48E00168485 /* CountriesAPIManagerTests.swift */,
				7BD952A92C7012790071EC30 /* BookmarkManagerTests.swift */,
				7BD952AB2C70184B0071EC30 /* TabNavigationManagerTests.swift */,
			);
			path = CountriesAPITests;
			sourceTree = "<group>";
		};
		25BA23B12AA918C500E43918 /* CountriesAPIUITests */ = {
			isa = PBXGroup;
			children = (
				25BA23B22AA918C500E43918 /* CountriesAPIUITests.swift */,
				25BA23B42AA918C500E43918 /* CountriesAPIUITestsLaunchTests.swift */,
			);
			path = CountriesAPIUITests;
			sourceTree = "<group>";
		};
		5406593A2C58100D00AF66E8 /* App */ = {
			isa = PBXGroup;
			children = (
				540659392C58100D00AF66E8 /* CountriesAPIApp.swift */,
			);
			path = App;
			sourceTree = "<group>";
		};
		5406593C2C58100D00AF66E8 /* Preview Content */ = {
			isa = PBXGroup;
			children = (
				5406593B2C58100D00AF66E8 /* Preview Assets.xcassets */,
			);
			path = "Preview Content";
			sourceTree = "<group>";
		};
		5406593E2C58100D00AF66E8 /* CountriesListView */ = {
			isa = PBXGroup;
			children = (
				7B3F24282C680C440084F777 /* Mock */,
				5406593D2C58100D00AF66E8 /* CountriesListView.swift */,
				7B3F24242C68058F0084F777 /* CountriesListViewModel.swift */,
			);
			path = CountriesListView;
			sourceTree = "<group>";
		};
		5406593F2C58100D00AF66E8 /* CountryDetailView */ = {
			isa = PBXGroup;
			children = (
				7BDCFA102C692DF300BE2FE1 /* Mock */,
				7BDCFA082C692D9F00BE2FE1 /* CountryDetailView.swift */,
				7B3F240B2C67F9990084F777 /* CountryDetailModel.swift */,
				7BDCFA0C2C692DE600BE2FE1 /* CountryDetailViewModel.swift */,
			);
			path = CountryDetailView;
			sourceTree = "<group>";
		};
		540659402C58100D00AF66E8 /* Views */ = {
			isa = PBXGroup;
			children = (
				7B3F242D2C6820010084F777 /* CellViews */,
				7BE82E962C6EBAF2003D7A78 /* BookmarkedCountryListView */,
				5406593E2C58100D00AF66E8 /* CountriesListView */,
				7B71DD712C73F754006BFB89 /* CountryDetailTabView */,
				5406593F2C58100D00AF66E8 /* CountryDetailView */,
			);
			path = Views;
			sourceTree = "<group>";
		};
		540659422C58100D00AF66E8 /* CountriesAPI */ = {
			isa = PBXGroup;
			children = (
				7BDEC0C22C767EA400C95CE0 /* GeoServices */,
				7BD952A02C6FE4890071EC30 /* Navigation */,
				7BE82E912C6EAEF2003D7A78 /* Storage */,
				7BE42BDD2C6AB7900079739A /* Conveniences */,
				7B3F24362C6828270084F777 /* Extensions */,
				7B3F240F2C67FAE40084F777 /* APIManager */,
				5406593A2C58100D00AF66E8 /* App */,
				5406593C2C58100D00AF66E8 /* Preview Content */,
				540659402C58100D00AF66E8 /* Views */,
				7B71DD702C73F73D006BFB89 /* CountryMapView */,
				540659412C58100D00AF66E8 /* Assets.xcassets */,
			);
			path = CountriesAPI;
			sourceTree = "<group>";
		};
		7B3F240F2C67FAE40084F777 /* APIManager */ = {
			isa = PBXGroup;
			children = (
				7BDD56712C6BE6E900168485 /* Mock */,
				7B3F24102C67FAFB0084F777 /* APIError.swift */,
				7B3F24142C67FB590084F777 /* DownloadAPI.swift */,
				7B3F24182C67FCF90084F777 /* FetchAPI.swift */,
				7B3F241C2C67FE390084F777 /* JSONParser.swift */,
				7BDD567E2C6BF02F00168485 /* URLManager.swift */,
				7B3F24202C67FF420084F777 /* CountriesAPIManager.swift */,
			);
			path = APIManager;
			sourceTree = "<group>";
		};
		7B3F24282C680C440084F777 /* Mock */ = {
			isa = PBXGroup;
			children = (
				7B3F24292C680C670084F777 /* MockCountriesListViewModel.swift */,
			);
			path = Mock;
			sourceTree = "<group>";
		};
		7B3F242D2C6820010084F777 /* CellViews */ = {
			isa = PBXGroup;
			children = (
				7BE42BE62C6AD4E40079739A /* Mock */,
				7B3F242E2C68202C0084F777 /* CountryCellView.swift */,
				7BE42BE22C6AD26A0079739A /* CountryCellViewModel.swift */,
			);
			path = CellViews;
			sourceTree = "<group>";
		};
		7B3F24362C6828270084F777 /* Extensions */ = {
			isa = PBXGroup;
			children = (
				7B3F24372C6828360084F777 /* UIColor.swift */,
			);
			path = Extensions;
			sourceTree = "<group>";
		};
		7B71DD702C73F73D006BFB89 /* CountryMapView */ = {
			isa = PBXGroup;
			children = (
				7BDEC0C82C76806500C95CE0 /* Mock */,
				7B71DD742C73F7B1006BFB89 /* CountryDetailMapView.swift */,
				7BDEC0C92C76808000C95CE0 /* CountryDetailMapViewModel.swift */,
			);
			path = CountryMapView;
			sourceTree = "<group>";
		};
		7B71DD712C73F754006BFB89 /* CountryDetailTabView */ = {
			isa = PBXGroup;
			children = (
				7B71DD7A2C73F9BC006BFB89 /* Mock */,
				7B71DD722C73F77B006BFB89 /* CountryDetailTabView.swift */,
				7B71DD762C73F882006BFB89 /* CountryDetailTabViewModel.swift */,
			);
			path = CountryDetailTabView;
			sourceTree = "<group>";
		};
		7B71DD7A2C73F9BC006BFB89 /* Mock */ = {
			isa = PBXGroup;
			children = (
				7B71DD7B2C73F9DE006BFB89 /* MockCountryDetailTabViewModel.swift */,
			);
			path = Mock;
			sourceTree = "<group>";
		};
		7BD952A02C6FE4890071EC30 /* Navigation */ = {
			isa = PBXGroup;
			children = (
				7BD952A52C6FFC0B0071EC30 /* TabNavigationManager.swift */,
			);
			path = Navigation;
			sourceTree = "<group>";
		};
		7BDCFA102C692DF300BE2FE1 /* Mock */ = {
			isa = PBXGroup;
			children = (
				7BDCFA112C692E1C00BE2FE1 /* MockCountryDetailViewModel.swift */,
				7BDCFA152C692E3800BE2FE1 /* MockCountryDetailsModels.swift */,
			);
			path = Mock;
			sourceTree = "<group>";
		};
		7BDD56712C6BE6E900168485 /* Mock */ = {
			isa = PBXGroup;
			children = (
				7BDD56722C6BE70C00168485 /* MockCountriesAPIManager.swift */,
				7BDD56762C6BE87800168485 /* MockDownloadAPI.swift */,
				7BDD567A2C6BE88500168485 /* MockFetchAPI.swift */,
			);
			path = Mock;
			sourceTree = "<group>";
		};
		7BDEC0C22C767EA400C95CE0 /* GeoServices */ = {
			isa = PBXGroup;
			children = (
				7BDEC0C32C767EBD00C95CE0 /* LocationManager.swift */,
			);
			path = GeoServices;
			sourceTree = "<group>";
		};
		7BDEC0C82C76806500C95CE0 /* Mock */ = {
			isa = PBXGroup;
			children = (
				7BDEC0CD2C76808D00C95CE0 /* MockCountryDetailMapViewModel.swift */,
			);
			path = Mock;
			sourceTree = "<group>";
		};
		7BE42BDD2C6AB7900079739A /* Conveniences */ = {
			isa = PBXGroup;
			children = (
				7BE42BDE2C6AB7B60079739A /* Fonts+Colors.swift */,
			);
			path = Conveniences;
			sourceTree = "<group>";
		};
		7BE42BE62C6AD4E40079739A /* Mock */ = {
			isa = PBXGroup;
			children = (
				7BE42BE72C6AD5000079739A /* MockCountryCellViewModel.swift */,
			);
			path = Mock;
			sourceTree = "<group>";
		};
		7BE82E912C6EAEF2003D7A78 /* Storage */ = {
			isa = PBXGroup;
			children = (
				7BE82E922C6EAF11003D7A78 /* BookmarkManager.swift */,
			);
			path = Storage;
			sourceTree = "<group>";
		};
		7BE82E962C6EBAF2003D7A78 /* BookmarkedCountryListView */ = {
			isa = PBXGroup;
			children = (
				7BE82E972C6EBB1B003D7A78 /* Mock */,
				7BE82E982C6EBB35003D7A78 /* BookmarkedCountriesListView.swift */,
				7BE82E9C2C6EBB45003D7A78 /* BookmarkedCountriesListViewModel.swift */,
			);
			path = BookmarkedCountryListView;
			sourceTree = "<group>";
		};
		7BE82E972C6EBB1B003D7A78 /* Mock */ = {
			isa = PBXGroup;
			children = (
				7BE82EA02C6EBB62003D7A78 /* MockBookmarkedCountriesListViewModel.swift */,
			);
			path = Mock;
			sourceTree = "<group>";
		};
/* End PBXGroup section */

/* Begin PBXNativeTarget section */
		25BA23932AA918C300E43918 /* CountriesAPI */ = {
			isa = PBXNativeTarget;
			buildConfigurationList = 25BA23B82AA918C500E43918 /* Build configuration list for PBXNativeTarget "CountriesAPI" */;
			buildPhases = (
				25BA23902AA918C300E43918 /* Sources */,
				25BA23912AA918C300E43918 /* Frameworks */,
				25BA23922AA918C300E43918 /* Resources */,
			);
			buildRules = (
			);
			dependencies = (
			);
			name = CountriesAPI;
			productName = ContriesAPI;
			productReference = 25BA23942AA918C300E43918 /* CountriesAPI.app */;
			productType = "com.apple.product-type.application";
		};
		25BA23A32AA918C500E43918 /* CountriesAPITests */ = {
			isa = PBXNativeTarget;
			buildConfigurationList = 25BA23BB2AA918C500E43918 /* Build configuration list for PBXNativeTarget "CountriesAPITests" */;
			buildPhases = (
				25BA23A02AA918C500E43918 /* Sources */,
				25BA23A12AA918C500E43918 /* Frameworks */,
				25BA23A22AA918C500E43918 /* Resources */,
			);
			buildRules = (
			);
			dependencies = (
				25BA23A62AA918C500E43918 /* PBXTargetDependency */,
			);
			name = CountriesAPITests;
			productName = ContriesAPITests;
			productReference = 25BA23A42AA918C500E43918 /* CountriesAPITests.xctest */;
			productType = "com.apple.product-type.bundle.unit-test";
		};
		25BA23AD2AA918C500E43918 /* CountriesAPIUITests */ = {
			isa = PBXNativeTarget;
			buildConfigurationList = 25BA23BE2AA918C500E43918 /* Build configuration list for PBXNativeTarget "CountriesAPIUITests" */;
			buildPhases = (
				25BA23AA2AA918C500E43918 /* Sources */,
				25BA23AB2AA918C500E43918 /* Frameworks */,
				25BA23AC2AA918C500E43918 /* Resources */,
			);
			buildRules = (
			);
			dependencies = (
				25BA23B02AA918C500E43918 /* PBXTargetDependency */,
			);
			name = CountriesAPIUITests;
			productName = ContriesAPIUITests;
			productReference = 25BA23AE2AA918C500E43918 /* CountriesAPIUITests.xctest */;
			productType = "com.apple.product-type.bundle.ui-testing";
		};
/* End PBXNativeTarget section */

/* Begin PBXProject section */
		25BA238C2AA918C300E43918 /* Project object */ = {
			isa = PBXProject;
			attributes = {
				BuildIndependentTargetsInParallel = 1;
				LastSwiftUpdateCheck = 1430;
				LastUpgradeCheck = 1540;
				TargetAttributes = {
					25BA23932AA918C300E43918 = {
						CreatedOnToolsVersion = 14.3.1;
					};
					25BA23A32AA918C500E43918 = {
						CreatedOnToolsVersion = 14.3.1;
						TestTargetID = 25BA23932AA918C300E43918;
					};
					25BA23AD2AA918C500E43918 = {
						CreatedOnToolsVersion = 14.3.1;
						TestTargetID = 25BA23932AA918C300E43918;
					};
				};
			};
			buildConfigurationList = 25BA238F2AA918C300E43918 /* Build configuration list for PBXProject "CountriesAPI" */;
			compatibilityVersion = "Xcode 14.0";
			developmentRegion = en;
			hasScannedForEncodings = 0;
			knownRegions = (
				en,
				Base,
			);
			mainGroup = 25BA238B2AA918C300E43918;
			productRefGroup = 25BA23952AA918C300E43918 /* Products */;
			projectDirPath = "";
			projectRoot = "";
			targets = (
				25BA23932AA918C300E43918 /* CountriesAPI */,
				25BA23A32AA918C500E43918 /* CountriesAPITests */,
				25BA23AD2AA918C500E43918 /* CountriesAPIUITests */,
			);
		};
/* End PBXProject section */

/* Begin PBXResourcesBuildPhase section */
		25BA23922AA918C300E43918 /* Resources */ = {
			isa = PBXResourcesBuildPhase;
			buildActionMask = 2147483647;
			files = (
				540659442C58100D00AF66E8 /* Preview Assets.xcassets in Resources */,
				540659462C58100D00AF66E8 /* Assets.xcassets in Resources */,
			);
			runOnlyForDeploymentPostprocessing = 0;
		};
		25BA23A22AA918C500E43918 /* Resources */ = {
			isa = PBXResourcesBuildPhase;
			buildActionMask = 2147483647;
			files = (
			);
			runOnlyForDeploymentPostprocessing = 0;
		};
		25BA23AC2AA918C500E43918 /* Resources */ = {
			isa = PBXResourcesBuildPhase;
			buildActionMask = 2147483647;
			files = (
			);
			runOnlyForDeploymentPostprocessing = 0;
		};
/* End PBXResourcesBuildPhase section */

/* Begin PBXSourcesBuildPhase section */
		25BA23902AA918C300E43918 /* Sources */ = {
			isa = PBXSourcesBuildPhase;
			buildActionMask = 2147483647;
			files = (
				7B3F24192C67FCF90084F777 /* FetchAPI.swift in Sources */,
				7BDEC0CE2C76808D00C95CE0 /* MockCountryDetailMapViewModel.swift in Sources */,
				7B3F24382C6828360084F777 /* UIColor.swift in Sources */,
				7BDEC0C42C767EBD00C95CE0 /* LocationManager.swift in Sources */,
				7BE82EA12C6EBB62003D7A78 /* MockBookmarkedCountriesListViewModel.swift in Sources */,
				7B3F24212C67FF420084F777 /* CountriesAPIManager.swift in Sources */,
				540659452C58100D00AF66E8 /* CountriesListView.swift in Sources */,
				7B3F241D2C67FE390084F777 /* JSONParser.swift in Sources */,
				7BE82E9D2C6EBB45003D7A78 /* BookmarkedCountriesListViewModel.swift in Sources */,
				7BDCFA162C692E3800BE2FE1 /* MockCountryDetailsModels.swift in Sources */,
				7B3F240C2C67F9990084F777 /* CountryDetailModel.swift in Sources */,
				7B3F24252C68058F0084F777 /* CountriesListViewModel.swift in Sources */,
				7BE82E932C6EAF11003D7A78 /* BookmarkManager.swift in Sources */,
				7B71DD7C2C73F9DE006BFB89 /* MockCountryDetailTabViewModel.swift in Sources */,
				7B3F24152C67FB590084F777 /* DownloadAPI.swift in Sources */,
				7B71DD772C73F882006BFB89 /* CountryDetailTabViewModel.swift in Sources */,
				7B3F242F2C68202C0084F777 /* CountryCellView.swift in Sources */,
				7BDCFA092C692D9F00BE2FE1 /* CountryDetailView.swift in Sources */,
				7BE42BE82C6AD5000079739A /* MockCountryCellViewModel.swift in Sources */,
				7BDCFA0D2C692DE600BE2FE1 /* CountryDetailViewModel.swift in Sources */,
				7BE42BDF2C6AB7B60079739A /* Fonts+Colors.swift in Sources */,
				7BDD567F2C6BF02F00168485 /* URLManager.swift in Sources */,
				7BE82E992C6EBB35003D7A78 /* BookmarkedCountriesListView.swift in Sources */,
				540659432C58100D00AF66E8 /* CountriesAPIApp.swift in Sources */,
				7B3F242A2C680C670084F777 /* MockCountriesListViewModel.swift in Sources */,
				7B3F24112C67FAFB0084F777 /* APIError.swift in Sources */,
				7B71DD732C73F77B006BFB89 /* CountryDetailTabView.swift in Sources */,
				7BE42BE32C6AD26A0079739A /* CountryCellViewModel.swift in Sources */,
				7B71DD752C73F7B1006BFB89 /* CountryDetailMapView.swift in Sources */,
				7BDCFA122C692E1C00BE2FE1 /* MockCountryDetailViewModel.swift in Sources */,
				7BD952A62C6FFC0B0071EC30 /* TabNavigationManager.swift in Sources */,
				7BDEC0CA2C76808000C95CE0 /* CountryDetailMapViewModel.swift in Sources */,
			);
			runOnlyForDeploymentPostprocessing = 0;
		};
		25BA23A02AA918C500E43918 /* Sources */ = {
			isa = PBXSourcesBuildPhase;
			buildActionMask = 2147483647;
			files = (
				7BDCFA132C692E1C00BE2FE1 /* MockCountryDetailViewModel.swift in Sources */,
				7BD952AC2C70184B0071EC30 /* TabNavigationManagerTests.swift in Sources */,
				7BDCFA172C692E3800BE2FE1 /* MockCountryDetailsModels.swift in Sources */,
				7BDCFA0A2C692D9F00BE2FE1 /* CountryDetailView.swift in Sources */,
				7BDD56782C6BE87800168485 /* MockDownloadAPI.swift in Sources */,
				7BE82E9E2C6EBB45003D7A78 /* BookmarkedCountriesListViewModel.swift in Sources */,
				7BDD566A2C6BD38500168485 /* CountryCellViewModelTests.swift in Sources */,
				7BDD566E2C6BD3A700168485 /* CountryDetailViewModelTests.swift in Sources */,
				7BDEC0C52C767EBD00C95CE0 /* LocationManager.swift in Sources */,
				7BE42BE42C6AD26A0079739A /* CountryCellViewModel.swift in Sources */,
				7B3F242B2C680C670084F777 /* MockCountriesListViewModel.swift in Sources */,
				7B3F240D2C67F9990084F777 /* CountryDetailModel.swift in Sources */,
				7B71DD7D2C73F9DE006BFB89 /* MockCountryDetailTabViewModel.swift in Sources */,
				7B3F24122C67FAFB0084F777 /* APIError.swift in Sources */,
				7B3F241E2C67FE390084F777 /* JSONParser.swift in Sources */,
				7BDD567C2C6BE88500168485 /* MockFetchAPI.swift in Sources */,
				7B3F24222C67FF420084F777 /* CountriesAPIManager.swift in Sources */,
				7BD952A72C6FFC0B0071EC30 /* TabNavigationManager.swift in Sources */,
				7B71DD782C73F882006BFB89 /* CountryDetailTabViewModel.swift in Sources */,
				7BE82EA22C6EBB62003D7A78 /* MockBookmarkedCountriesListViewModel.swift in Sources */,
				7B3F24262C68058F0084F777 /* CountriesListViewModel.swift in Sources */,
				7B3F24302C68202C0084F777 /* CountryCellView.swift in Sources */,
				7BDD566C2C6BD39800168485 /* CountriesListViewModelTests.swift in Sources */,
				7BDD56702C6BD48E00168485 /* CountriesAPIManagerTests.swift in Sources */,
				7BE42BE02C6AB7B60079739A /* Fonts+Colors.swift in Sources */,
				7B3F24392C6828360084F777 /* UIColor.swift in Sources */,
				7BDD56802C6BF02F00168485 /* URLManager.swift in Sources */,
				7BE42BE92C6AD5000079739A /* MockCountryCellViewModel.swift in Sources */,
				7BDD56742C6BE70C00168485 /* MockCountriesAPIManager.swift in Sources */,
				7BDEC0CF2C76808D00C95CE0 /* MockCountryDetailMapViewModel.swift in Sources */,
				7BD952AA2C7012790071EC30 /* BookmarkManagerTests.swift in Sources */,
				7BDCFA0E2C692DE600BE2FE1 /* CountryDetailViewModel.swift in Sources */,
				7BE82E942C6EAF11003D7A78 /* BookmarkManager.swift in Sources */,
				7B3F241A2C67FCF90084F777 /* FetchAPI.swift in Sources */,
				7B3F24162C67FB590084F777 /* DownloadAPI.swift in Sources */,
				7BDEC0CB2C76808000C95CE0 /* CountryDetailMapViewModel.swift in Sources */,
				7BE82E9A2C6EBB35003D7A78 /* BookmarkedCountriesListView.swift in Sources */,
				25BA23A92AA918C500E43918 /* CountriesAPITests.swift in Sources */,
			);
			runOnlyForDeploymentPostprocessing = 0;
		};
		25BA23AA2AA918C500E43918 /* Sources */ = {
			isa = PBXSourcesBuildPhase;
			buildActionMask = 2147483647;
			files = (
				7BDD56792C6BE87800168485 /* MockDownloadAPI.swift in Sources */,
				7B3F241B2C67FCF90084F777 /* FetchAPI.swift in Sources */,
				7BDD567D2C6BE88500168485 /* MockFetchAPI.swift in Sources */,
				7B3F243A2C6828360084F777 /* UIColor.swift in Sources */,
				7B3F24232C67FF420084F777 /* CountriesAPIManager.swift in Sources */,
				25BA23B52AA918C500E43918 /* CountriesAPIUITestsLaunchTests.swift in Sources */,
				7B71DD7E2C73F9DE006BFB89 /* MockCountryDetailTabViewModel.swift in Sources */,
				7BDEC0C62C767EBD00C95CE0 /* LocationManager.swift in Sources */,
				7B3F241F2C67FE390084F777 /* JSONParser.swift in Sources */,
				7BDCFA182C692E3800BE2FE1 /* MockCountryDetailsModels.swift in Sources */,
				7B3F240E2C67F9990084F777 /* CountryDetailModel.swift in Sources */,
				7BDEC0CC2C76808000C95CE0 /* CountryDetailMapViewModel.swift in Sources */,
				7B3F24272C68058F0084F777 /* CountriesListViewModel.swift in Sources */,
				7B3F24172C67FB590084F777 /* DownloadAPI.swift in Sources */,
				7BD952A82C6FFC0B0071EC30 /* TabNavigationManager.swift in Sources */,
				7B3F24312C68202C0084F777 /* CountryCellView.swift in Sources */,
				7BDCFA0B2C692D9F00BE2FE1 /* CountryDetailView.swift in Sources */,
				7BE42BEA2C6AD5000079739A /* MockCountryCellViewModel.swift in Sources */,
				7BE82EA32C6EBB62003D7A78 /* MockBookmarkedCountriesListViewModel.swift in Sources */,
				7BDEC0D02C76808D00C95CE0 /* MockCountryDetailMapViewModel.swift in Sources */,
				7BDCFA0F2C692DE600BE2FE1 /* CountryDetailViewModel.swift in Sources */,
				7BDD56752C6BE70C00168485 /* MockCountriesAPIManager.swift in Sources */,
				7BE42BE12C6AB7B60079739A /* Fonts+Colors.swift in Sources */,
				7BE82E952C6EAF11003D7A78 /* BookmarkManager.swift in Sources */,
				7BDD56812C6BF02F00168485 /* URLManager.swift in Sources */,
				25BA23B32AA918C500E43918 /* CountriesAPIUITests.swift in Sources */,
				7BE82E9F2C6EBB45003D7A78 /* BookmarkedCountriesListViewModel.swift in Sources */,
				7B3F242C2C680C670084F777 /* MockCountriesListViewModel.swift in Sources */,
				7BE82E9B2C6EBB35003D7A78 /* BookmarkedCountriesListView.swift in Sources */,
				7B3F24132C67FAFB0084F777 /* APIError.swift in Sources */,
				7B71DD792C73F882006BFB89 /* CountryDetailTabViewModel.swift in Sources */,
				7BE42BE52C6AD26A0079739A /* CountryCellViewModel.swift in Sources */,
				7BDCFA142C692E1C00BE2FE1 /* MockCountryDetailViewModel.swift in Sources */,
			);
			runOnlyForDeploymentPostprocessing = 0;
		};
/* End PBXSourcesBuildPhase section */

/* Begin PBXTargetDependency section */
		25BA23A62AA918C500E43918 /* PBXTargetDependency */ = {
			isa = PBXTargetDependency;
			target = 25BA23932AA918C300E43918 /* CountriesAPI */;
			targetProxy = 25BA23A52AA918C500E43918 /* PBXContainerItemProxy */;
		};
		25BA23B02AA918C500E43918 /* PBXTargetDependency */ = {
			isa = PBXTargetDependency;
			target = 25BA23932AA918C300E43918 /* CountriesAPI */;
			targetProxy = 25BA23AF2AA918C500E43918 /* PBXContainerItemProxy */;
		};
/* End PBXTargetDependency section */

/* Begin XCBuildConfiguration section */
		25BA23B62AA918C500E43918 /* Debug */ = {
			isa = XCBuildConfiguration;
			buildSettings = {
				ALWAYS_SEARCH_USER_PATHS = NO;
				CLANG_ANALYZER_NONNULL = YES;
				CLANG_ANALYZER_NUMBER_OBJECT_CONVERSION = YES_AGGRESSIVE;
				CLANG_CXX_LANGUAGE_STANDARD = "gnu++20";
				CLANG_ENABLE_MODULES = YES;
				CLANG_ENABLE_OBJC_ARC = YES;
				CLANG_ENABLE_OBJC_WEAK = YES;
				CLANG_WARN_BLOCK_CAPTURE_AUTORELEASING = YES;
				CLANG_WARN_BOOL_CONVERSION = YES;
				CLANG_WARN_COMMA = YES;
				CLANG_WARN_CONSTANT_CONVERSION = YES;
				CLANG_WARN_DEPRECATED_OBJC_IMPLEMENTATIONS = YES;
				CLANG_WARN_DIRECT_OBJC_ISA_USAGE = YES_ERROR;
				CLANG_WARN_DOCUMENTATION_COMMENTS = YES;
				CLANG_WARN_EMPTY_BODY = YES;
				CLANG_WARN_ENUM_CONVERSION = YES;
				CLANG_WARN_INFINITE_RECURSION = YES;
				CLANG_WARN_INT_CONVERSION = YES;
				CLANG_WARN_NON_LITERAL_NULL_CONVERSION = YES;
				CLANG_WARN_OBJC_IMPLICIT_RETAIN_SELF = YES;
				CLANG_WARN_OBJC_LITERAL_CONVERSION = YES;
				CLANG_WARN_OBJC_ROOT_CLASS = YES_ERROR;
				CLANG_WARN_QUOTED_INCLUDE_IN_FRAMEWORK_HEADER = YES;
				CLANG_WARN_RANGE_LOOP_ANALYSIS = YES;
				CLANG_WARN_STRICT_PROTOTYPES = YES;
				CLANG_WARN_SUSPICIOUS_MOVE = YES;
				CLANG_WARN_UNGUARDED_AVAILABILITY = YES_AGGRESSIVE;
				CLANG_WARN_UNREACHABLE_CODE = YES;
				CLANG_WARN__DUPLICATE_METHOD_MATCH = YES;
				COPY_PHASE_STRIP = NO;
				DEBUG_INFORMATION_FORMAT = dwarf;
				ENABLE_STRICT_OBJC_MSGSEND = YES;
				ENABLE_TESTABILITY = YES;
				ENABLE_USER_SCRIPT_SANDBOXING = YES;
				GCC_C_LANGUAGE_STANDARD = gnu11;
				GCC_DYNAMIC_NO_PIC = NO;
				GCC_NO_COMMON_BLOCKS = YES;
				GCC_OPTIMIZATION_LEVEL = 0;
				GCC_PREPROCESSOR_DEFINITIONS = (
					"DEBUG=1",
					"$(inherited)",
				);
				GCC_WARN_64_TO_32_BIT_CONVERSION = YES;
				GCC_WARN_ABOUT_RETURN_TYPE = YES_ERROR;
				GCC_WARN_UNDECLARED_SELECTOR = YES;
				GCC_WARN_UNINITIALIZED_AUTOS = YES_AGGRESSIVE;
				GCC_WARN_UNUSED_FUNCTION = YES;
				GCC_WARN_UNUSED_VARIABLE = YES;
				IPHONEOS_DEPLOYMENT_TARGET = 16.4;
				MTL_ENABLE_DEBUG_INFO = INCLUDE_SOURCE;
				MTL_FAST_MATH = YES;
				ONLY_ACTIVE_ARCH = YES;
				SDKROOT = iphoneos;
				SWIFT_ACTIVE_COMPILATION_CONDITIONS = DEBUG;
				SWIFT_OPTIMIZATION_LEVEL = "-Onone";
			};
			name = Debug;
		};
		25BA23B72AA918C500E43918 /* Release */ = {
			isa = XCBuildConfiguration;
			buildSettings = {
				ALWAYS_SEARCH_USER_PATHS = NO;
				CLANG_ANALYZER_NONNULL = YES;
				CLANG_ANALYZER_NUMBER_OBJECT_CONVERSION = YES_AGGRESSIVE;
				CLANG_CXX_LANGUAGE_STANDARD = "gnu++20";
				CLANG_ENABLE_MODULES = YES;
				CLANG_ENABLE_OBJC_ARC = YES;
				CLANG_ENABLE_OBJC_WEAK = YES;
				CLANG_WARN_BLOCK_CAPTURE_AUTORELEASING = YES;
				CLANG_WARN_BOOL_CONVERSION = YES;
				CLANG_WARN_COMMA = YES;
				CLANG_WARN_CONSTANT_CONVERSION = YES;
				CLANG_WARN_DEPRECATED_OBJC_IMPLEMENTATIONS = YES;
				CLANG_WARN_DIRECT_OBJC_ISA_USAGE = YES_ERROR;
				CLANG_WARN_DOCUMENTATION_COMMENTS = YES;
				CLANG_WARN_EMPTY_BODY = YES;
				CLANG_WARN_ENUM_CONVERSION = YES;
				CLANG_WARN_INFINITE_RECURSION = YES;
				CLANG_WARN_INT_CONVERSION = YES;
				CLANG_WARN_NON_LITERAL_NULL_CONVERSION = YES;
				CLANG_WARN_OBJC_IMPLICIT_RETAIN_SELF = YES;
				CLANG_WARN_OBJC_LITERAL_CONVERSION = YES;
				CLANG_WARN_OBJC_ROOT_CLASS = YES_ERROR;
				CLANG_WARN_QUOTED_INCLUDE_IN_FRAMEWORK_HEADER = YES;
				CLANG_WARN_RANGE_LOOP_ANALYSIS = YES;
				CLANG_WARN_STRICT_PROTOTYPES = YES;
				CLANG_WARN_SUSPICIOUS_MOVE = YES;
				CLANG_WARN_UNGUARDED_AVAILABILITY = YES_AGGRESSIVE;
				CLANG_WARN_UNREACHABLE_CODE = YES;
				CLANG_WARN__DUPLICATE_METHOD_MATCH = YES;
				COPY_PHASE_STRIP = NO;
				DEBUG_INFORMATION_FORMAT = "dwarf-with-dsym";
				ENABLE_NS_ASSERTIONS = NO;
				ENABLE_STRICT_OBJC_MSGSEND = YES;
				ENABLE_USER_SCRIPT_SANDBOXING = YES;
				GCC_C_LANGUAGE_STANDARD = gnu11;
				GCC_NO_COMMON_BLOCKS = YES;
				GCC_WARN_64_TO_32_BIT_CONVERSION = YES;
				GCC_WARN_ABOUT_RETURN_TYPE = YES_ERROR;
				GCC_WARN_UNDECLARED_SELECTOR = YES;
				GCC_WARN_UNINITIALIZED_AUTOS = YES_AGGRESSIVE;
				GCC_WARN_UNUSED_FUNCTION = YES;
				GCC_WARN_UNUSED_VARIABLE = YES;
				IPHONEOS_DEPLOYMENT_TARGET = 16.4;
				MTL_ENABLE_DEBUG_INFO = NO;
				MTL_FAST_MATH = YES;
				SDKROOT = iphoneos;
				SWIFT_COMPILATION_MODE = wholemodule;
				SWIFT_OPTIMIZATION_LEVEL = "-O";
				VALIDATE_PRODUCT = YES;
			};
			name = Release;
		};
		25BA23B92AA918C500E43918 /* Debug */ = {
			isa = XCBuildConfiguration;
			buildSettings = {
				ASSETCATALOG_COMPILER_APPICON_NAME = AppIcon;
				ASSETCATALOG_COMPILER_GLOBAL_ACCENT_COLOR_NAME = AccentColor;
				CODE_SIGN_STYLE = Automatic;
				CURRENT_PROJECT_VERSION = 1;
				DEVELOPMENT_ASSET_PATHS = "\"CountriesAPI/Preview Content\"";
				DEVELOPMENT_TEAM = Y5XFZAHW66;
				ENABLE_PREVIEWS = YES;
				GENERATE_INFOPLIST_FILE = YES;
				INFOPLIST_KEY_NSLocationWhenInUseUsageDescription = "The app needs access to your location to provide location-based services.";
				INFOPLIST_KEY_UIApplicationSceneManifest_Generation = YES;
				INFOPLIST_KEY_UIApplicationSupportsIndirectInputEvents = YES;
				INFOPLIST_KEY_UILaunchScreen_Generation = YES;
				INFOPLIST_KEY_UISupportedInterfaceOrientations_iPad = "UIInterfaceOrientationPortrait UIInterfaceOrientationPortraitUpsideDown UIInterfaceOrientationLandscapeLeft UIInterfaceOrientationLandscapeRight";
				INFOPLIST_KEY_UISupportedInterfaceOrientations_iPhone = "UIInterfaceOrientationPortrait UIInterfaceOrientationLandscapeLeft UIInterfaceOrientationLandscapeRight";
				IPHONEOS_DEPLOYMENT_TARGET = 17.0;
				LD_RUNPATH_SEARCH_PATHS = (
					"$(inherited)",
					"@executable_path/Frameworks",
				);
				MARKETING_VERSION = 1.0;
				PRODUCT_BUNDLE_IDENTIFIER = com.RaymondGatz.ios.ContriesAPI;
				PRODUCT_NAME = "$(TARGET_NAME)";
				SWIFT_EMIT_LOC_STRINGS = YES;
				SWIFT_VERSION = 5.0;
				TARGETED_DEVICE_FAMILY = "1,2";
			};
			name = Debug;
		};
		25BA23BA2AA918C500E43918 /* Release */ = {
			isa = XCBuildConfiguration;
			buildSettings = {
				ASSETCATALOG_COMPILER_APPICON_NAME = AppIcon;
				ASSETCATALOG_COMPILER_GLOBAL_ACCENT_COLOR_NAME = AccentColor;
				CODE_SIGN_STYLE = Automatic;
				CURRENT_PROJECT_VERSION = 1;
				DEVELOPMENT_ASSET_PATHS = "\"CountriesAPI/Preview Content\"";
				DEVELOPMENT_TEAM = Y5XFZAHW66;
				ENABLE_PREVIEWS = YES;
				GENERATE_INFOPLIST_FILE = YES;
				INFOPLIST_KEY_NSLocationWhenInUseUsageDescription = "The app needs access to your location to provide location-based services.";
				INFOPLIST_KEY_UIApplicationSceneManifest_Generation = YES;
				INFOPLIST_KEY_UIApplicationSupportsIndirectInputEvents = YES;
				INFOPLIST_KEY_UILaunchScreen_Generation = YES;
				INFOPLIST_KEY_UISupportedInterfaceOrientations_iPad = "UIInterfaceOrientationPortrait UIInterfaceOrientationPortraitUpsideDown UIInterfaceOrientationLandscapeLeft UIInterfaceOrientationLandscapeRight";
				INFOPLIST_KEY_UISupportedInterfaceOrientations_iPhone = "UIInterfaceOrientationPortrait UIInterfaceOrientationLandscapeLeft UIInterfaceOrientationLandscapeRight";
				IPHONEOS_DEPLOYMENT_TARGET = 17.0;
				LD_RUNPATH_SEARCH_PATHS = (
					"$(inherited)",
					"@executable_path/Frameworks",
				);
				MARKETING_VERSION = 1.0;
				PRODUCT_BUNDLE_IDENTIFIER = com.RaymondGatz.ios.ContriesAPI;
				PRODUCT_NAME = "$(TARGET_NAME)";
				SWIFT_EMIT_LOC_STRINGS = YES;
				SWIFT_VERSION = 5.0;
				TARGETED_DEVICE_FAMILY = "1,2";
			};
			name = Release;
		};
		25BA23BC2AA918C500E43918 /* Debug */ = {
			isa = XCBuildConfiguration;
			buildSettings = {
				ALWAYS_EMBED_SWIFT_STANDARD_LIBRARIES = YES;
				BUNDLE_LOADER = "$(TEST_HOST)";
				CODE_SIGN_STYLE = Automatic;
				CURRENT_PROJECT_VERSION = 1;
				DEVELOPMENT_TEAM = Y5XFZAHW66;
				GENERATE_INFOPLIST_FILE = YES;
				IPHONEOS_DEPLOYMENT_TARGET = 16.4;
				MARKETING_VERSION = 1.0;
				PRODUCT_BUNDLE_IDENTIFIER = com.RaymondGatz.ios.CountriesAPITests;
				PRODUCT_NAME = "$(TARGET_NAME)";
				SWIFT_EMIT_LOC_STRINGS = NO;
				SWIFT_VERSION = 5.0;
				TARGETED_DEVICE_FAMILY = "1,2";
				TEST_HOST = "$(BUILT_PRODUCTS_DIR)/CountriesAPI.app/$(BUNDLE_EXECUTABLE_FOLDER_PATH)/CountriesAPI";
			};
			name = Debug;
		};
		25BA23BD2AA918C500E43918 /* Release */ = {
			isa = XCBuildConfiguration;
			buildSettings = {
				ALWAYS_EMBED_SWIFT_STANDARD_LIBRARIES = YES;
				BUNDLE_LOADER = "$(TEST_HOST)";
				CODE_SIGN_STYLE = Automatic;
				CURRENT_PROJECT_VERSION = 1;
				DEVELOPMENT_TEAM = Y5XFZAHW66;
				GENERATE_INFOPLIST_FILE = YES;
				IPHONEOS_DEPLOYMENT_TARGET = 16.4;
				MARKETING_VERSION = 1.0;
				PRODUCT_BUNDLE_IDENTIFIER = com.RaymondGatz.ios.CountriesAPITests;
				PRODUCT_NAME = "$(TARGET_NAME)";
				SWIFT_EMIT_LOC_STRINGS = NO;
				SWIFT_VERSION = 5.0;
				TARGETED_DEVICE_FAMILY = "1,2";
				TEST_HOST = "$(BUILT_PRODUCTS_DIR)/CountriesAPI.app/$(BUNDLE_EXECUTABLE_FOLDER_PATH)/CountriesAPI";
			};
			name = Release;
		};
		25BA23BF2AA918C500E43918 /* Debug */ = {
			isa = XCBuildConfiguration;
			buildSettings = {
				ALWAYS_EMBED_SWIFT_STANDARD_LIBRARIES = YES;
				CODE_SIGN_STYLE = Automatic;
				CURRENT_PROJECT_VERSION = 1;
				DEVELOPMENT_TEAM = Y5XFZAHW66;
				GENERATE_INFOPLIST_FILE = YES;
				MARKETING_VERSION = 1.0;
				PRODUCT_BUNDLE_IDENTIFIER = com.RaymondGatz.ios.CountriesAPIUITests;
				PRODUCT_NAME = "$(TARGET_NAME)";
				SWIFT_EMIT_LOC_STRINGS = NO;
				SWIFT_VERSION = 5.0;
				TARGETED_DEVICE_FAMILY = "1,2";
				TEST_TARGET_NAME = CountriesAPI;
			};
			name = Debug;
		};
		25BA23C02AA918C500E43918 /* Release */ = {
			isa = XCBuildConfiguration;
			buildSettings = {
				ALWAYS_EMBED_SWIFT_STANDARD_LIBRARIES = YES;
				CODE_SIGN_STYLE = Automatic;
				CURRENT_PROJECT_VERSION = 1;
				DEVELOPMENT_TEAM = Y5XFZAHW66;
				GENERATE_INFOPLIST_FILE = YES;
				MARKETING_VERSION = 1.0;
				PRODUCT_BUNDLE_IDENTIFIER = com.RaymondGatz.ios.CountriesAPIUITests;
				PRODUCT_NAME = "$(TARGET_NAME)";
				SWIFT_EMIT_LOC_STRINGS = NO;
				SWIFT_VERSION = 5.0;
				TARGETED_DEVICE_FAMILY = "1,2";
				TEST_TARGET_NAME = CountriesAPI;
			};
			name = Release;
		};
/* End XCBuildConfiguration section */

/* Begin XCConfigurationList section */
		25BA238F2AA918C300E43918 /* Build configuration list for PBXProject "CountriesAPI" */ = {
			isa = XCConfigurationList;
			buildConfigurations = (
				25BA23B62AA918C500E43918 /* Debug */,
				25BA23B72AA918C500E43918 /* Release */,
			);
			defaultConfigurationIsVisible = 0;
			defaultConfigurationName = Release;
		};
		25BA23B82AA918C500E43918 /* Build configuration list for PBXNativeTarget "CountriesAPI" */ = {
			isa = XCConfigurationList;
			buildConfigurations = (
				25BA23B92AA918C500E43918 /* Debug */,
				25BA23BA2AA918C500E43918 /* Release */,
			);
			defaultConfigurationIsVisible = 0;
			defaultConfigurationName = Release;
		};
		25BA23BB2AA918C500E43918 /* Build configuration list for PBXNativeTarget "CountriesAPITests" */ = {
			isa = XCConfigurationList;
			buildConfigurations = (
				25BA23BC2AA918C500E43918 /* Debug */,
				25BA23BD2AA918C500E43918 /* Release */,
			);
			defaultConfigurationIsVisible = 0;
			defaultConfigurationName = Release;
		};
		25BA23BE2AA918C500E43918 /* Build configuration list for PBXNativeTarget "CountriesAPIUITests" */ = {
			isa = XCConfigurationList;
			buildConfigurations = (
				25BA23BF2AA918C500E43918 /* Debug */,
				25BA23C02AA918C500E43918 /* Release */,
			);
			defaultConfigurationIsVisible = 0;
			defaultConfigurationName = Release;
		};
/* End XCConfigurationList section */
	};
	rootObject = 25BA238C2AA918C300E43918 /* Project object */;
}
